// !$*UTF8*$!
{
	archiveVersion = 1;
	classes = {
	};
	objectVersion = 46;
	objects = {

/* Begin PBXBuildFile section */
		5562B18A16FC50F300E21A82 /* UIKit.framework in Frameworks */ = {isa = PBXBuildFile; fileRef = 5562B18916FC50F300E21A82 /* UIKit.framework */; };
		5562B18C16FC50F300E21A82 /* Foundation.framework in Frameworks */ = {isa = PBXBuildFile; fileRef = 5562B18B16FC50F300E21A82 /* Foundation.framework */; };
		5562B18E16FC50F300E21A82 /* CoreGraphics.framework in Frameworks */ = {isa = PBXBuildFile; fileRef = 5562B18D16FC50F300E21A82 /* CoreGraphics.framework */; };
		5562B19416FC50F300E21A82 /* InfoPlist.strings in Resources */ = {isa = PBXBuildFile; fileRef = 5562B19216FC50F300E21A82 /* InfoPlist.strings */; };
		5562B19616FC50F300E21A82 /* main.m in Sources */ = {isa = PBXBuildFile; fileRef = 5562B19516FC50F300E21A82 /* main.m */; };
		5562B19A16FC50F300E21A82 /* AppDelegate.m in Sources */ = {isa = PBXBuildFile; fileRef = 5562B19916FC50F300E21A82 /* AppDelegate.m */; };
		5562B19C16FC50F300E21A82 /* Default.png in Resources */ = {isa = PBXBuildFile; fileRef = 5562B19B16FC50F300E21A82 /* Default.png */; };
		5562B19E16FC50F300E21A82 /* Default@2x.png in Resources */ = {isa = PBXBuildFile; fileRef = 5562B19D16FC50F300E21A82 /* Default@2x.png */; };
		5562B1A016FC50F300E21A82 /* Default-568h@2x.png in Resources */ = {isa = PBXBuildFile; fileRef = 5562B19F16FC50F300E21A82 /* Default-568h@2x.png */; };
		5562B1A816FC50F300E21A82 /* SenTestingKit.framework in Frameworks */ = {isa = PBXBuildFile; fileRef = 5562B1A716FC50F300E21A82 /* SenTestingKit.framework */; };
		5562B1A916FC50F300E21A82 /* UIKit.framework in Frameworks */ = {isa = PBXBuildFile; fileRef = 5562B18916FC50F300E21A82 /* UIKit.framework */; };
		5562B1AA16FC50F300E21A82 /* Foundation.framework in Frameworks */ = {isa = PBXBuildFile; fileRef = 5562B18B16FC50F300E21A82 /* Foundation.framework */; };
		5562B1B216FC50F300E21A82 /* InfoPlist.strings in Resources */ = {isa = PBXBuildFile; fileRef = 5562B1B016FC50F300E21A82 /* InfoPlist.strings */; };
		5562B1B516FC50F300E21A82 /* TimVuiTests.m in Sources */ = {isa = PBXBuildFile; fileRef = 5562B1B416FC50F300E21A82 /* TimVuiTests.m */; };
		55640A6F16FD53CB003E4362 /* LeftMenuVC.m in Sources */ = {isa = PBXBuildFile; fileRef = 55640A6D16FD53CB003E4362 /* LeftMenuVC.m */; };
		55640A7016FD53CB003E4362 /* LeftMenuVC.xib in Resources */ = {isa = PBXBuildFile; fileRef = 55640A6E16FD53CB003E4362 /* LeftMenuVC.xib */; };
		B155EF3B0CC8421F9C8DE0DE /* libPods.a in Frameworks */ = {isa = PBXBuildFile; fileRef = 2A89DFA4254249D091202191 /* libPods.a */; };
/* End PBXBuildFile section */

/* Begin PBXContainerItemProxy section */
		5562B1AB16FC50F300E21A82 /* PBXContainerItemProxy */ = {
			isa = PBXContainerItemProxy;
			containerPortal = 5562B17E16FC50F300E21A82 /* Project object */;
			proxyType = 1;
			remoteGlobalIDString = 5562B18516FC50F300E21A82;
			remoteInfo = TimVui;
		};
/* End PBXContainerItemProxy section */

/* Begin PBXFileReference section */
		2A89DFA4254249D091202191 /* libPods.a */ = {isa = PBXFileReference; explicitFileType = archive.ar; includeInIndex = 0; path = libPods.a; sourceTree = BUILT_PRODUCTS_DIR; };
		5562B18616FC50F300E21A82 /* TimVui.app */ = {isa = PBXFileReference; explicitFileType = wrapper.application; includeInIndex = 0; path = TimVui.app; sourceTree = BUILT_PRODUCTS_DIR; };
		5562B18916FC50F300E21A82 /* UIKit.framework */ = {isa = PBXFileReference; lastKnownFileType = wrapper.framework; name = UIKit.framework; path = System/Library/Frameworks/UIKit.framework; sourceTree = SDKROOT; };
		5562B18B16FC50F300E21A82 /* Foundation.framework */ = {isa = PBXFileReference; lastKnownFileType = wrapper.framework; name = Foundation.framework; path = System/Library/Frameworks/Foundation.framework; sourceTree = SDKROOT; };
		5562B18D16FC50F300E21A82 /* CoreGraphics.framework */ = {isa = PBXFileReference; lastKnownFileType = wrapper.framework; name = CoreGraphics.framework; path = System/Library/Frameworks/CoreGraphics.framework; sourceTree = SDKROOT; };
		5562B19116FC50F300E21A82 /* TimVui-Info.plist */ = {isa = PBXFileReference; lastKnownFileType = text.plist.xml; path = "TimVui-Info.plist"; sourceTree = "<group>"; };
		5562B19316FC50F300E21A82 /* en */ = {isa = PBXFileReference; lastKnownFileType = text.plist.strings; name = en; path = en.lproj/InfoPlist.strings; sourceTree = "<group>"; };
		5562B19516FC50F300E21A82 /* main.m */ = {isa = PBXFileReference; lastKnownFileType = sourcecode.c.objc; path = main.m; sourceTree = "<group>"; };
		5562B19716FC50F300E21A82 /* TimVui-Prefix.pch */ = {isa = PBXFileReference; lastKnownFileType = sourcecode.c.h; path = "TimVui-Prefix.pch"; sourceTree = "<group>"; };
		5562B19816FC50F300E21A82 /* AppDelegate.h */ = {isa = PBXFileReference; lastKnownFileType = sourcecode.c.h; path = AppDelegate.h; sourceTree = "<group>"; };
		5562B19916FC50F300E21A82 /* AppDelegate.m */ = {isa = PBXFileReference; lastKnownFileType = sourcecode.c.objc; path = AppDelegate.m; sourceTree = "<group>"; };
		5562B19B16FC50F300E21A82 /* Default.png */ = {isa = PBXFileReference; lastKnownFileType = image.png; path = Default.png; sourceTree = "<group>"; };
		5562B19D16FC50F300E21A82 /* Default@2x.png */ = {isa = PBXFileReference; lastKnownFileType = image.png; path = "Default@2x.png"; sourceTree = "<group>"; };
		5562B19F16FC50F300E21A82 /* Default-568h@2x.png */ = {isa = PBXFileReference; lastKnownFileType = image.png; path = "Default-568h@2x.png"; sourceTree = "<group>"; };
		5562B1A616FC50F300E21A82 /* TimVuiTests.octest */ = {isa = PBXFileReference; explicitFileType = wrapper.cfbundle; includeInIndex = 0; path = TimVuiTests.octest; sourceTree = BUILT_PRODUCTS_DIR; };
		5562B1A716FC50F300E21A82 /* SenTestingKit.framework */ = {isa = PBXFileReference; lastKnownFileType = wrapper.framework; name = SenTestingKit.framework; path = Library/Frameworks/SenTestingKit.framework; sourceTree = DEVELOPER_DIR; };
		5562B1AF16FC50F300E21A82 /* TimVuiTests-Info.plist */ = {isa = PBXFileReference; lastKnownFileType = text.plist.xml; path = "TimVuiTests-Info.plist"; sourceTree = "<group>"; };
		5562B1B116FC50F300E21A82 /* en */ = {isa = PBXFileReference; lastKnownFileType = text.plist.strings; name = en; path = en.lproj/InfoPlist.strings; sourceTree = "<group>"; };
		5562B1B316FC50F300E21A82 /* TimVuiTests.h */ = {isa = PBXFileReference; lastKnownFileType = sourcecode.c.h; path = TimVuiTests.h; sourceTree = "<group>"; };
		5562B1B416FC50F300E21A82 /* TimVuiTests.m */ = {isa = PBXFileReference; lastKnownFileType = sourcecode.c.objc; path = TimVuiTests.m; sourceTree = "<group>"; };
		55640A6C16FD53CB003E4362 /* LeftMenuVC.h */ = {isa = PBXFileReference; fileEncoding = 4; lastKnownFileType = sourcecode.c.h; name = LeftMenuVC.h; path = LeftMenuVC/LeftMenuVC.h; sourceTree = "<group>"; };
		55640A6D16FD53CB003E4362 /* LeftMenuVC.m */ = {isa = PBXFileReference; fileEncoding = 4; lastKnownFileType = sourcecode.c.objc; name = LeftMenuVC.m; path = LeftMenuVC/LeftMenuVC.m; sourceTree = "<group>"; };
		55640A6E16FD53CB003E4362 /* LeftMenuVC.xib */ = {isa = PBXFileReference; fileEncoding = 4; lastKnownFileType = file.xib; name = LeftMenuVC.xib; path = LeftMenuVC/LeftMenuVC.xib; sourceTree = "<group>"; };
		EB9B7B13D54A4DAFB579AC08 /* Pods.xcconfig */ = {isa = PBXFileReference; includeInIndex = 1; lastKnownFileType = text.xcconfig; name = Pods.xcconfig; path = Pods/Pods.xcconfig; sourceTree = SOURCE_ROOT; };
/* End PBXFileReference section */

/* Begin PBXFrameworksBuildPhase section */
		5562B18316FC50F300E21A82 /* Frameworks */ = {
			isa = PBXFrameworksBuildPhase;
			buildActionMask = 2147483647;
			files = (
				5562B18A16FC50F300E21A82 /* UIKit.framework in Frameworks */,
				5562B18C16FC50F300E21A82 /* Foundation.framework in Frameworks */,
				5562B18E16FC50F300E21A82 /* CoreGraphics.framework in Frameworks */,
				B155EF3B0CC8421F9C8DE0DE /* libPods.a in Frameworks */,
			);
			runOnlyForDeploymentPostprocessing = 0;
		};
		5562B1A216FC50F300E21A82 /* Frameworks */ = {
			isa = PBXFrameworksBuildPhase;
			buildActionMask = 2147483647;
			files = (
				5562B1A816FC50F300E21A82 /* SenTestingKit.framework in Frameworks */,
				5562B1A916FC50F300E21A82 /* UIKit.framework in Frameworks */,
				5562B1AA16FC50F300E21A82 /* Foundation.framework in Frameworks */,
			);
			runOnlyForDeploymentPostprocessing = 0;
		};
/* End PBXFrameworksBuildPhase section */

/* Begin PBXGroup section */
		5562B17D16FC50F300E21A82 = {
			isa = PBXGroup;
			children = (
				5562B18F16FC50F300E21A82 /* TimVui */,
				5562B1AD16FC50F300E21A82 /* TimVuiTests */,
				5562B18816FC50F300E21A82 /* Frameworks */,
				5562B18716FC50F300E21A82 /* Products */,
				EB9B7B13D54A4DAFB579AC08 /* Pods.xcconfig */,
			);
			sourceTree = "<group>";
		};
		5562B18716FC50F300E21A82 /* Products */ = {
			isa = PBXGroup;
			children = (
				5562B18616FC50F300E21A82 /* TimVui.app */,
				5562B1A616FC50F300E21A82 /* TimVuiTests.octest */,
			);
			name = Products;
			sourceTree = "<group>";
		};
		5562B18816FC50F300E21A82 /* Frameworks */ = {
			isa = PBXGroup;
			children = (
				5562B18916FC50F300E21A82 /* UIKit.framework */,
				5562B18B16FC50F300E21A82 /* Foundation.framework */,
				5562B18D16FC50F300E21A82 /* CoreGraphics.framework */,
				5562B1A716FC50F300E21A82 /* SenTestingKit.framework */,
				2A89DFA4254249D091202191 /* libPods.a */,
			);
			name = Frameworks;
			sourceTree = "<group>";
		};
		5562B18F16FC50F300E21A82 /* TimVui */ = {
			isa = PBXGroup;
			children = (
				55640A6B16FD531A003E4362 /* LeftMenuVC */,
				5562B19816FC50F300E21A82 /* AppDelegate.h */,
				5562B19916FC50F300E21A82 /* AppDelegate.m */,
				5562B19016FC50F300E21A82 /* Supporting Files */,
			);
			path = TimVui;
			sourceTree = "<group>";
		};
		5562B19016FC50F300E21A82 /* Supporting Files */ = {
			isa = PBXGroup;
			children = (
				5562B19116FC50F300E21A82 /* TimVui-Info.plist */,
				5562B19216FC50F300E21A82 /* InfoPlist.strings */,
				5562B19516FC50F300E21A82 /* main.m */,
				5562B19716FC50F300E21A82 /* TimVui-Prefix.pch */,
				5562B19B16FC50F300E21A82 /* Default.png */,
				5562B19D16FC50F300E21A82 /* Default@2x.png */,
				5562B19F16FC50F300E21A82 /* Default-568h@2x.png */,
			);
			name = "Supporting Files";
			sourceTree = "<group>";
		};
		5562B1AD16FC50F300E21A82 /* TimVuiTests */ = {
			isa = PBXGroup;
			children = (
				5562B1B316FC50F300E21A82 /* TimVuiTests.h */,
				5562B1B416FC50F300E21A82 /* TimVuiTests.m */,
				5562B1AE16FC50F300E21A82 /* Supporting Files */,
			);
			path = TimVuiTests;
			sourceTree = "<group>";
		};
		5562B1AE16FC50F300E21A82 /* Supporting Files */ = {
			isa = PBXGroup;
			children = (
				5562B1AF16FC50F300E21A82 /* TimVuiTests-Info.plist */,
				5562B1B016FC50F300E21A82 /* InfoPlist.strings */,
			);
			name = "Supporting Files";
			sourceTree = "<group>";
		};
		55640A6B16FD531A003E4362 /* LeftMenuVC */ = {
			isa = PBXGroup;
			children = (
				55640A6C16FD53CB003E4362 /* LeftMenuVC.h */,
				55640A6D16FD53CB003E4362 /* LeftMenuVC.m */,
				55640A6E16FD53CB003E4362 /* LeftMenuVC.xib */,
			);
			name = LeftMenuVC;
			sourceTree = "<group>";
		};
/* End PBXGroup section */

/* Begin PBXNativeTarget section */
		5562B18516FC50F300E21A82 /* TimVui */ = {
			isa = PBXNativeTarget;
			buildConfigurationList = 5562B1B816FC50F300E21A82 /* Build configuration list for PBXNativeTarget "TimVui" */;
			buildPhases = (
				5562B18216FC50F300E21A82 /* Sources */,
				5562B18316FC50F300E21A82 /* Frameworks */,
				5562B18416FC50F300E21A82 /* Resources */,
				8C4D00F2F8F04673BD37D8D1 /* Copy Pods Resources */,
			);
			buildRules = (
			);
			dependencies = (
			);
			name = TimVui;
			productName = TimVui;
			productReference = 5562B18616FC50F300E21A82 /* TimVui.app */;
			productType = "com.apple.product-type.application";
		};
		5562B1A516FC50F300E21A82 /* TimVuiTests */ = {
			isa = PBXNativeTarget;
			buildConfigurationList = 5562B1BB16FC50F300E21A82 /* Build configuration list for PBXNativeTarget "TimVuiTests" */;
			buildPhases = (
				5562B1A116FC50F300E21A82 /* Sources */,
				5562B1A216FC50F300E21A82 /* Frameworks */,
				5562B1A316FC50F300E21A82 /* Resources */,
				5562B1A416FC50F300E21A82 /* ShellScript */,
			);
			buildRules = (
			);
			dependencies = (
				5562B1AC16FC50F300E21A82 /* PBXTargetDependency */,
			);
			name = TimVuiTests;
			productName = TimVuiTests;
			productReference = 5562B1A616FC50F300E21A82 /* TimVuiTests.octest */;
			productType = "com.apple.product-type.bundle";
		};
/* End PBXNativeTarget section */

/* Begin PBXProject section */
		5562B17E16FC50F300E21A82 /* Project object */ = {
			isa = PBXProject;
			attributes = {
				LastUpgradeCheck = 0460;
				ORGANIZATIONNAME = "Hoang The Hung";
			};
			buildConfigurationList = 5562B18116FC50F300E21A82 /* Build configuration list for PBXProject "TimVui" */;
			compatibilityVersion = "Xcode 3.2";
			developmentRegion = English;
			hasScannedForEncodings = 0;
			knownRegions = (
				en,
			);
			mainGroup = 5562B17D16FC50F300E21A82;
			productRefGroup = 5562B18716FC50F300E21A82 /* Products */;
			projectDirPath = "";
			projectRoot = "";
			targets = (
				5562B18516FC50F300E21A82 /* TimVui */,
				5562B1A516FC50F300E21A82 /* TimVuiTests */,
			);
		};
/* End PBXProject section */

/* Begin PBXResourcesBuildPhase section */
		5562B18416FC50F300E21A82 /* Resources */ = {
			isa = PBXResourcesBuildPhase;
			buildActionMask = 2147483647;
			files = (
				5562B19416FC50F300E21A82 /* InfoPlist.strings in Resources */,
				5562B19C16FC50F300E21A82 /* Default.png in Resources */,
				5562B19E16FC50F300E21A82 /* Default@2x.png in Resources */,
				5562B1A016FC50F300E21A82 /* Default-568h@2x.png in Resources */,
				55640A7016FD53CB003E4362 /* LeftMenuVC.xib in Resources */,
			);
			runOnlyForDeploymentPostprocessing = 0;
		};
		5562B1A316FC50F300E21A82 /* Resources */ = {
			isa = PBXResourcesBuildPhase;
			buildActionMask = 2147483647;
			files = (
				5562B1B216FC50F300E21A82 /* InfoPlist.strings in Resources */,
			);
			runOnlyForDeploymentPostprocessing = 0;
		};
/* End PBXResourcesBuildPhase section */

/* Begin PBXShellScriptBuildPhase section */
		5562B1A416FC50F300E21A82 /* ShellScript */ = {
			isa = PBXShellScriptBuildPhase;
			buildActionMask = 2147483647;
			files = (
			);
			inputPaths = (
			);
			outputPaths = (
			);
			runOnlyForDeploymentPostprocessing = 0;
			shellPath = /bin/sh;
			shellScript = "# Run the unit tests in this test bundle.\n\"${SYSTEM_DEVELOPER_DIR}/Tools/RunUnitTests\"\n";
		};
		8C4D00F2F8F04673BD37D8D1 /* Copy Pods Resources */ = {
			isa = PBXShellScriptBuildPhase;
			buildActionMask = 2147483647;
			files = (
			);
			inputPaths = (
			);
			name = "Copy Pods Resources";
			outputPaths = (
			);
			runOnlyForDeploymentPostprocessing = 0;
			shellPath = /bin/sh;
			shellScript = "\"${SRCROOT}/Pods/Pods-resources.sh\"\n";
		};
/* End PBXShellScriptBuildPhase section */

/* Begin PBXSourcesBuildPhase section */
		5562B18216FC50F300E21A82 /* Sources */ = {
			isa = PBXSourcesBuildPhase;
			buildActionMask = 2147483647;
			files = (
				5562B19616FC50F300E21A82 /* main.m in Sources */,
				5562B19A16FC50F300E21A82 /* AppDelegate.m in Sources */,
				55640A6F16FD53CB003E4362 /* LeftMenuVC.m in Sources */,
			);
			runOnlyForDeploymentPostprocessing = 0;
		};
		5562B1A116FC50F300E21A82 /* Sources */ = {
			isa = PBXSourcesBuildPhase;
			buildActionMask = 2147483647;
			files = (
				5562B1B516FC50F300E21A82 /* TimVuiTests.m in Sources */,
			);
			runOnlyForDeploymentPostprocessing = 0;
		};
/* End PBXSourcesBuildPhase section */

/* Begin PBXTargetDependency section */
		5562B1AC16FC50F300E21A82 /* PBXTargetDependency */ = {
			isa = PBXTargetDependency;
			target = 5562B18516FC50F300E21A82 /* TimVui */;
			targetProxy = 5562B1AB16FC50F300E21A82 /* PBXContainerItemProxy */;
		};
/* End PBXTargetDependency section */

/* Begin PBXVariantGroup section */
		5562B19216FC50F300E21A82 /* InfoPlist.strings */ = {
			isa = PBXVariantGroup;
			children = (
				5562B19316FC50F300E21A82 /* en */,
			);
			name = InfoPlist.strings;
			sourceTree = "<group>";
		};
		5562B1B016FC50F300E21A82 /* InfoPlist.strings */ = {
			isa = PBXVariantGroup;
			children = (
				5562B1B116FC50F300E21A82 /* en */,
			);
			name = InfoPlist.strings;
			sourceTree = "<group>";
		};
/* End PBXVariantGroup section */

/* Begin XCBuildConfiguration section */
		5562B1B616FC50F300E21A82 /* Debug */ = {
			isa = XCBuildConfiguration;
			buildSettings = {
				ALWAYS_SEARCH_USER_PATHS = NO;
				CLANG_CXX_LANGUAGE_STANDARD = "gnu++0x";
				CLANG_CXX_LIBRARY = "libc++";
				CLANG_ENABLE_OBJC_ARC = YES;
				CLANG_WARN_CONSTANT_CONVERSION = YES;
				CLANG_WARN_EMPTY_BODY = YES;
				CLANG_WARN_ENUM_CONVERSION = YES;
				CLANG_WARN_INT_CONVERSION = YES;
				CLANG_WARN__DUPLICATE_METHOD_MATCH = YES;
				"CODE_SIGN_IDENTITY[sdk=iphoneos*]" = "iPhone Developer";
				COPY_PHASE_STRIP = NO;
				GCC_C_LANGUAGE_STANDARD = gnu99;
				GCC_DYNAMIC_NO_PIC = NO;
				GCC_OPTIMIZATION_LEVEL = 0;
				GCC_PREPROCESSOR_DEFINITIONS = (
					"DEBUG=1",
					"$(inherited)",
				);
				GCC_SYMBOLS_PRIVATE_EXTERN = NO;
				GCC_WARN_ABOUT_RETURN_TYPE = YES;
				GCC_WARN_UNINITIALIZED_AUTOS = YES;
				GCC_WARN_UNUSED_VARIABLE = YES;
				IPHONEOS_DEPLOYMENT_TARGET = 6.1;
				ONLY_ACTIVE_ARCH = YES;
				SDKROOT = iphoneos;
			};
			name = Debug;
		};
		5562B1B716FC50F300E21A82 /* Release */ = {
			isa = XCBuildConfiguration;
			buildSettings = {
				ALWAYS_SEARCH_USER_PATHS = NO;
				CLANG_CXX_LANGUAGE_STANDARD = "gnu++0x";
				CLANG_CXX_LIBRARY = "libc++";
				CLANG_ENABLE_OBJC_ARC = YES;
				CLANG_WARN_CONSTANT_CONVERSION = YES;
				CLANG_WARN_EMPTY_BODY = YES;
				CLANG_WARN_ENUM_CONVERSION = YES;
				CLANG_WARN_INT_CONVERSION = YES;
				CLANG_WARN__DUPLICATE_METHOD_MATCH = YES;
				"CODE_SIGN_IDENTITY[sdk=iphoneos*]" = "iPhone Developer";
				COPY_PHASE_STRIP = YES;
				GCC_C_LANGUAGE_STANDARD = gnu99;
				GCC_WARN_ABOUT_RETURN_TYPE = YES;
				GCC_WARN_UNINITIALIZED_AUTOS = YES;
				GCC_WARN_UNUSED_VARIABLE = YES;
				IPHONEOS_DEPLOYMENT_TARGET = 6.1;
				OTHER_CFLAGS = "-DNS_BLOCK_ASSERTIONS=1";
				SDKROOT = iphoneos;
				VALIDATE_PRODUCT = YES;
			};
			name = Release;
		};
		5562B1B916FC50F300E21A82 /* Debug */ = {
			isa = XCBuildConfiguration;
			baseConfigurationReference = EB9B7B13D54A4DAFB579AC08 /* Pods.xcconfig */;
			buildSettings = {
				GCC_PRECOMPILE_PREFIX_HEADER = YES;
				GCC_PREFIX_HEADER = "TimVui/TimVui-Prefix.pch";
				INFOPLIST_FILE = "TimVui/TimVui-Info.plist";
				IPHONEOS_DEPLOYMENT_TARGET = 6.1;
				PRODUCT_NAME = "$(TARGET_NAME)";
				TARGETED_DEVICE_FAMILY = "1,2";
				WRAPPER_EXTENSION = app;
			};
			name = Debug;
		};
		5562B1BA16FC50F300E21A82 /* Release */ = {
			isa = XCBuildConfiguration;
			baseConfigurationReference = EB9B7B13D54A4DAFB579AC08 /* Pods.xcconfig */;
			buildSettings = {
				GCC_PRECOMPILE_PREFIX_HEADER = YES;
				GCC_PREFIX_HEADER = "TimVui/TimVui-Prefix.pch";
				INFOPLIST_FILE = "TimVui/TimVui-Info.plist";
				IPHONEOS_DEPLOYMENT_TARGET = 6.1;
				PRODUCT_NAME = "$(TARGET_NAME)";
				TARGETED_DEVICE_FAMILY = "1,2";
				WRAPPER_EXTENSION = app;
			};
			name = Release;
		};
		5562B1BC16FC50F300E21A82 /* Debug */ = {
			isa = XCBuildConfiguration;
			buildSettings = {
				BUNDLE_LOADER = "$(BUILT_PRODUCTS_DIR)/TimVui.app/TimVui";
				FRAMEWORK_SEARCH_PATHS = (
					"\"$(SDKROOT)/Developer/Library/Frameworks\"",
					"\"$(DEVELOPER_LIBRARY_DIR)/Frameworks\"",
				);
				GCC_PRECOMPILE_PREFIX_HEADER = YES;
				GCC_PREFIX_HEADER = "TimVui/TimVui-Prefix.pch";
				INFOPLIST_FILE = "TimVuiTests/TimVuiTests-Info.plist";
				PRODUCT_NAME = "$(TARGET_NAME)";
				TEST_HOST = "$(BUNDLE_LOADER)";
				WRAPPER_EXTENSION = octest;
			};
			name = Debug;
		};
		5562B1BD16FC50F300E21A82 /* Release */ = {
			isa = XCBuildConfiguration;
			buildSettings = {
				BUNDLE_LOADER = "$(BUILT_PRODUCTS_DIR)/TimVui.app/TimVui";
				FRAMEWORK_SEARCH_PATHS = (
					"\"$(SDKROOT)/Developer/Library/Frameworks\"",
					"\"$(DEVELOPER_LIBRARY_DIR)/Frameworks\"",
				);
				GCC_PRECOMPILE_PREFIX_HEADER = YES;
				GCC_PREFIX_HEADER = "TimVui/TimVui-Prefix.pch";
				INFOPLIST_FILE = "TimVuiTests/TimVuiTests-Info.plist";
				PRODUCT_NAME = "$(TARGET_NAME)";
				TEST_HOST = "$(BUNDLE_LOADER)";
				WRAPPER_EXTENSION = octest;
			};
			name = Release;
		};
/* End XCBuildConfiguration section */

/* Begin XCConfigurationList section */
		5562B18116FC50F300E21A82 /* Build configuration list for PBXProject "TimVui" */ = {
			isa = XCConfigurationList;
			buildConfigurations = (
				5562B1B616FC50F300E21A82 /* Debug */,
				5562B1B716FC50F300E21A82 /* Release */,
			);
			defaultConfigurationIsVisible = 0;
			defaultConfigurationName = Release;
		};
		5562B1B816FC50F300E21A82 /* Build configuration list for PBXNativeTarget "TimVui" */ = {
			isa = XCConfigurationList;
			buildConfigurations = (
				5562B1B916FC50F300E21A82 /* Debug */,
				5562B1BA16FC50F300E21A82 /* Release */,
			);
			defaultConfigurationIsVisible = 0;
			defaultConfigurationName = Release;
		};
		5562B1BB16FC50F300E21A82 /* Build configuration list for PBXNativeTarget "TimVuiTests" */ = {
			isa = XCConfigurationList;
			buildConfigurations = (
				5562B1BC16FC50F300E21A82 /* Debug */,
				5562B1BD16FC50F300E21A82 /* Release */,
			);
			defaultConfigurationIsVisible = 0;
			defaultConfigurationName = Release;
		};
/* End XCConfigurationList section */
	};
	rootObject = 5562B17E16FC50F300E21A82 /* Project object */;
}
